// !$*UTF8*$!
{
	archiveVersion = 1;
	classes = {
	};
	objectVersion = 48;
	objects = {

/* Begin PBXBuildFile section */
		FBCED8AA20A58EC80019D27C /* AppDelegate.m in Sources */ = {isa = PBXBuildFile; fileRef = FBCED8A920A58EC80019D27C /* AppDelegate.m */; };
		FBCED8AD20A58EC80019D27C /* ViewController.m in Sources */ = {isa = PBXBuildFile; fileRef = FBCED8AC20A58EC80019D27C /* ViewController.m */; };
		FBCED8B020A58EC80019D27C /* Main.storyboard in Resources */ = {isa = PBXBuildFile; fileRef = FBCED8AE20A58EC80019D27C /* Main.storyboard */; };
		FBCED8B320A58EC80019D27C /* CoreDataDemo.xcdatamodeld in Sources */ = {isa = PBXBuildFile; fileRef = FBCED8B120A58EC80019D27C /* CoreDataDemo.xcdatamodeld */; };
		FBCED8B520A58EC80019D27C /* Assets.xcassets in Resources */ = {isa = PBXBuildFile; fileRef = FBCED8B420A58EC80019D27C /* Assets.xcassets */; };
		FBCED8B820A58EC80019D27C /* LaunchScreen.storyboard in Resources */ = {isa = PBXBuildFile; fileRef = FBCED8B620A58EC80019D27C /* LaunchScreen.storyboard */; };
		FBCED8BB20A58EC80019D27C /* main.m in Sources */ = {isa = PBXBuildFile; fileRef = FBCED8BA20A58EC80019D27C /* main.m */; };
		FBCED8C520A58EC80019D27C /* CoreDataDemoTests.m in Sources */ = {isa = PBXBuildFile; fileRef = FBCED8C420A58EC80019D27C /* CoreDataDemoTests.m */; };
		FBCED8D120A58F610019D27C /* CoreDataManager.m in Sources */ = {isa = PBXBuildFile; fileRef = FBCED8D020A58F610019D27C /* CoreDataManager.m */; };
		FBCED8D420A96CA20019D27C /* UserDao.m in Sources */ = {isa = PBXBuildFile; fileRef = FBCED8D320A96CA20019D27C /* UserDao.m */; };
/* End PBXBuildFile section */

/* Begin PBXContainerItemProxy section */
		FBCED8C120A58EC80019D27C /* PBXContainerItemProxy */ = {
			isa = PBXContainerItemProxy;
			containerPortal = FBCED89D20A58EC70019D27C /* Project object */;
			proxyType = 1;
			remoteGlobalIDString = FBCED8A420A58EC70019D27C;
			remoteInfo = CoreDataDemo;
		};
/* End PBXContainerItemProxy section */

/* Begin PBXFileReference section */
		FBCED8A520A58EC70019D27C /* CoreDataDemo.app */ = {isa = PBXFileReference; explicitFileType = wrapper.application; includeInIndex = 0; path = CoreDataDemo.app; sourceTree = BUILT_PRODUCTS_DIR; };
		FBCED8A820A58EC80019D27C /* AppDelegate.h */ = {isa = PBXFileReference; lastKnownFileType = sourcecode.c.h; path = AppDelegate.h; sourceTree = "<group>"; };
		FBCED8A920A58EC80019D27C /* AppDelegate.m */ = {isa = PBXFileReference; lastKnownFileType = sourcecode.c.objc; path = AppDelegate.m; sourceTree = "<group>"; };
		FBCED8AB20A58EC80019D27C /* ViewController.h */ = {isa = PBXFileReference; lastKnownFileType = sourcecode.c.h; path = ViewController.h; sourceTree = "<group>"; };
		FBCED8AC20A58EC80019D27C /* ViewController.m */ = {isa = PBXFileReference; lastKnownFileType = sourcecode.c.objc; path = ViewController.m; sourceTree = "<group>"; };
		FBCED8AF20A58EC80019D27C /* Base */ = {isa = PBXFileReference; lastKnownFileType = file.storyboard; name = Base; path = Base.lproj/Main.storyboard; sourceTree = "<group>"; };
		FBCED8B220A58EC80019D27C /* CoreDataDemo.xcdatamodel */ = {isa = PBXFileReference; lastKnownFileType = wrapper.xcdatamodel; path = CoreDataDemo.xcdatamodel; sourceTree = "<group>"; };
		FBCED8B420A58EC80019D27C /* Assets.xcassets */ = {isa = PBXFileReference; lastKnownFileType = folder.assetcatalog; path = Assets.xcassets; sourceTree = "<group>"; };
		FBCED8B720A58EC80019D27C /* Base */ = {isa = PBXFileReference; lastKnownFileType = file.storyboard; name = Base; path = Base.lproj/LaunchScreen.storyboard; sourceTree = "<group>"; };
		FBCED8B920A58EC80019D27C /* Info.plist */ = {isa = PBXFileReference; lastKnownFileType = text.plist.xml; path = Info.plist; sourceTree = "<group>"; };
		FBCED8BA20A58EC80019D27C /* main.m */ = {isa = PBXFileReference; lastKnownFileType = sourcecode.c.objc; path = main.m; sourceTree = "<group>"; };
		FBCED8C020A58EC80019D27C /* CoreDataDemoTests.xctest */ = {isa = PBXFileReference; explicitFileType = wrapper.cfbundle; includeInIndex = 0; path = CoreDataDemoTests.xctest; sourceTree = BUILT_PRODUCTS_DIR; };
		FBCED8C420A58EC80019D27C /* CoreDataDemoTests.m */ = {isa = PBXFileReference; lastKnownFileType = sourcecode.c.objc; path = CoreDataDemoTests.m; sourceTree = "<group>"; };
		FBCED8C620A58EC80019D27C /* Info.plist */ = {isa = PBXFileReference; lastKnownFileType = text.plist.xml; path = Info.plist; sourceTree = "<group>"; };
		FBCED8CF20A58F610019D27C /* CoreDataManager.h */ = {isa = PBXFileReference; fileEncoding = 4; lastKnownFileType = sourcecode.c.h; path = CoreDataManager.h; sourceTree = "<group>"; };
		FBCED8D020A58F610019D27C /* CoreDataManager.m */ = {isa = PBXFileReference; fileEncoding = 4; lastKnownFileType = sourcecode.c.objc; path = CoreDataManager.m; sourceTree = "<group>"; };
		FBCED8D220A96CA20019D27C /* UserDao.h */ = {isa = PBXFileReference; lastKnownFileType = sourcecode.c.h; path = UserDao.h; sourceTree = "<group>"; };
		FBCED8D320A96CA20019D27C /* UserDao.m */ = {isa = PBXFileReference; lastKnownFileType = sourcecode.c.objc; path = UserDao.m; sourceTree = "<group>"; };
		FBCED8D520A96D140019D27C /* DaoProtocol.h */ = {isa = PBXFileReference; lastKnownFileType = sourcecode.c.h; path = DaoProtocol.h; sourceTree = "<group>"; };
		FBD59FD020AA8DEA001B2841 /* note.h */ = {isa = PBXFileReference; lastKnownFileType = sourcecode.c.h; path = note.h; sourceTree = "<group>"; };
/* End PBXFileReference section */

/* Begin PBXFrameworksBuildPhase section */
		FBCED8A220A58EC70019D27C /* Frameworks */ = {
			isa = PBXFrameworksBuildPhase;
			buildActionMask = 2147483647;
			files = (
			);
			runOnlyForDeploymentPostprocessing = 0;
		};
		FBCED8BD20A58EC80019D27C /* Frameworks */ = {
			isa = PBXFrameworksBuildPhase;
			buildActionMask = 2147483647;
			files = (
			);
			runOnlyForDeploymentPostprocessing = 0;
		};
/* End PBXFrameworksBuildPhase section */

/* Begin PBXGroup section */
		FBCED89C20A58EC70019D27C = {
			isa = PBXGroup;
			children = (
				FBCED8A720A58EC70019D27C /* CoreDataDemo */,
				FBCED8C320A58EC80019D27C /* CoreDataDemoTests */,
				FBCED8A620A58EC70019D27C /* Products */,
			);
			sourceTree = "<group>";
		};
		FBCED8A620A58EC70019D27C /* Products */ = {
			isa = PBXGroup;
			children = (
				FBCED8A520A58EC70019D27C /* CoreDataDemo.app */,
				FBCED8C020A58EC80019D27C /* CoreDataDemoTests.xctest */,
			);
			name = Products;
			sourceTree = "<group>";
		};
		FBCED8A720A58EC70019D27C /* CoreDataDemo */ = {
			isa = PBXGroup;
			children = (
				FBCED8CF20A58F610019D27C /* CoreDataManager.h */,
				FBCED8D020A58F610019D27C /* CoreDataManager.m */,
				FBCED8D220A96CA20019D27C /* UserDao.h */,
				FBCED8D320A96CA20019D27C /* UserDao.m */,
				FBCED8D520A96D140019D27C /* DaoProtocol.h */,
				FBCED8A820A58EC80019D27C /* AppDelegate.h */,
				FBCED8A920A58EC80019D27C /* AppDelegate.m */,
				FBCED8AB20A58EC80019D27C /* ViewController.h */,
				FBCED8AC20A58EC80019D27C /* ViewController.m */,
				FBCED8AE20A58EC80019D27C /* Main.storyboard */,
				FBCED8B420A58EC80019D27C /* Assets.xcassets */,
				FBCED8B620A58EC80019D27C /* LaunchScreen.storyboard */,
				FBCED8B920A58EC80019D27C /* Info.plist */,
				FBCED8BA20A58EC80019D27C /* main.m */,
				FBCED8B120A58EC80019D27C /* CoreDataDemo.xcdatamodeld */,
				FBD59FD020AA8DEA001B2841 /* note.h */,
			);
			path = CoreDataDemo;
			sourceTree = "<group>";
		};
		FBCED8C320A58EC80019D27C /* CoreDataDemoTests */ = {
			isa = PBXGroup;
			children = (
				FBCED8C420A58EC80019D27C /* CoreDataDemoTests.m */,
				FBCED8C620A58EC80019D27C /* Info.plist */,
			);
			path = CoreDataDemoTests;
			sourceTree = "<group>";
		};
/* End PBXGroup section */

/* Begin PBXNativeTarget section */
		FBCED8A420A58EC70019D27C /* CoreDataDemo */ = {
			isa = PBXNativeTarget;
			buildConfigurationList = FBCED8C920A58EC80019D27C /* Build configuration list for PBXNativeTarget "CoreDataDemo" */;
			buildPhases = (
				FBCED8A120A58EC70019D27C /* Sources */,
				FBCED8A220A58EC70019D27C /* Frameworks */,
				FBCED8A320A58EC70019D27C /* Resources */,
			);
			buildRules = (
			);
			dependencies = (
			);
			name = CoreDataDemo;
			productName = CoreDataDemo;
			productReference = FBCED8A520A58EC70019D27C /* CoreDataDemo.app */;
			productType = "com.apple.product-type.application";
		};
		FBCED8BF20A58EC80019D27C /* CoreDataDemoTests */ = {
			isa = PBXNativeTarget;
			buildConfigurationList = FBCED8CC20A58EC80019D27C /* Build configuration list for PBXNativeTarget "CoreDataDemoTests" */;
			buildPhases = (
				FBCED8BC20A58EC80019D27C /* Sources */,
				FBCED8BD20A58EC80019D27C /* Frameworks */,
				FBCED8BE20A58EC80019D27C /* Resources */,
			);
			buildRules = (
			);
			dependencies = (
				FBCED8C220A58EC80019D27C /* PBXTargetDependency */,
			);
			name = CoreDataDemoTests;
			productName = CoreDataDemoTests;
			productReference = FBCED8C020A58EC80019D27C /* CoreDataDemoTests.xctest */;
			productType = "com.apple.product-type.bundle.unit-test";
		};
/* End PBXNativeTarget section */

/* Begin PBXProject section */
		FBCED89D20A58EC70019D27C /* Project object */ = {
			isa = PBXProject;
			attributes = {
				LastUpgradeCheck = 0920;
				ORGANIZATIONNAME = zcp;
				TargetAttributes = {
					FBCED8A420A58EC70019D27C = {
						CreatedOnToolsVersion = 9.2;
						ProvisioningStyle = Automatic;
					};
					FBCED8BF20A58EC80019D27C = {
						CreatedOnToolsVersion = 9.2;
						ProvisioningStyle = Automatic;
						TestTargetID = FBCED8A420A58EC70019D27C;
					};
				};
			};
			buildConfigurationList = FBCED8A020A58EC70019D27C /* Build configuration list for PBXProject "CoreDataDemo" */;
			compatibilityVersion = "Xcode 8.0";
			developmentRegion = en;
			hasScannedForEncodings = 0;
			knownRegions = (
				en,
				Base,
			);
			mainGroup = FBCED89C20A58EC70019D27C;
			productRefGroup = FBCED8A620A58EC70019D27C /* Products */;
			projectDirPath = "";
			projectRoot = "";
			targets = (
				FBCED8A420A58EC70019D27C /* CoreDataDemo */,
				FBCED8BF20A58EC80019D27C /* CoreDataDemoTests */,
			);
		};
/* End PBXProject section */

/* Begin PBXResourcesBuildPhase section */
		FBCED8A320A58EC70019D27C /* Resources */ = {
			isa = PBXResourcesBuildPhase;
			buildActionMask = 2147483647;
			files = (
				FBCED8B820A58EC80019D27C /* LaunchScreen.storyboard in Resources */,
				FBCED8B520A58EC80019D27C /* Assets.xcassets in Resources */,
				FBCED8B020A58EC80019D27C /* Main.storyboard in Resources */,
			);
			runOnlyForDeploymentPostprocessing = 0;
		};
		FBCED8BE20A58EC80019D27C /* Resources */ = {
			isa = PBXResourcesBuildPhase;
			buildActionMask = 2147483647;
			files = (
			);
			runOnlyForDeploymentPostprocessing = 0;
		};
/* End PBXResourcesBuildPhase section */

/* Begin PBXSourcesBuildPhase section */
		FBCED8A120A58EC70019D27C /* Sources */ = {
			isa = PBXSourcesBuildPhase;
			buildActionMask = 2147483647;
			files = (
				FBCED8AD20A58EC80019D27C /* ViewController.m in Sources */,
				FBCED8D420A96CA20019D27C /* UserDao.m in Sources */,
				FBCED8B320A58EC80019D27C /* CoreDataDemo.xcdatamodeld in Sources */,
				FBCED8D120A58F610019D27C /* CoreDataManager.m in Sources */,
				FBCED8BB20A58EC80019D27C /* main.m in Sources */,
				FBCED8AA20A58EC80019D27C /* AppDelegate.m in Sources */,
			);
			runOnlyForDeploymentPostprocessing = 0;
		};
		FBCED8BC20A58EC80019D27C /* Sources */ = {
			isa = PBXSourcesBuildPhase;
			buildActionMask = 2147483647;
			files = (
				FBCED8C520A58EC80019D27C /* CoreDataDemoTests.m in Sources */,
			);
			runOnlyForDeploymentPostprocessing = 0;
		};
/* End PBXSourcesBuildPhase section */

/* Begin PBXTargetDependency section */
		FBCED8C220A58EC80019D27C /* PBXTargetDependency */ = {
			isa = PBXTargetDependency;
			target = FBCED8A420A58EC70019D27C /* CoreDataDemo */;
			targetProxy = FBCED8C120A58EC80019D27C /* PBXContainerItemProxy */;
		};
/* End PBXTargetDependency section */

/* Begin PBXVariantGroup section */
		FBCED8AE20A58EC80019D27C /* Main.storyboard */ = {
			isa = PBXVariantGroup;
			children = (
				FBCED8AF20A58EC80019D27C /* Base */,
			);
			name = Main.storyboard;
			sourceTree = "<group>";
		};
		FBCED8B620A58EC80019D27C /* LaunchScreen.storyboard */ = {
			isa = PBXVariantGroup;
			children = (
				FBCED8B720A58EC80019D27C /* Base */,
			);
			name = LaunchScreen.storyboard;
			sourceTree = "<group>";
		};
/* End PBXVariantGroup section */

/* Begin XCBuildConfiguration section */
		FBCED8C720A58EC80019D27C /* Debug */ = {
			isa = XCBuildConfiguration;
			buildSettings = {
				ALWAYS_SEARCH_USER_PATHS = NO;
				CLANG_ANALYZER_NONNULL = YES;
				CLANG_ANALYZER_NUMBER_OBJECT_CONVERSION = YES_AGGRESSIVE;
				CLANG_CXX_LANGUAGE_STANDARD = "gnu++14";
				CLANG_CXX_LIBRARY = "libc++";
				CLANG_ENABLE_MODULES = YES;
				CLANG_ENABLE_OBJC_ARC = YES;
				CLANG_WARN_BLOCK_CAPTURE_AUTORELEASING = YES;
				CLANG_WARN_BOOL_CONVERSION = YES;
				CLANG_WARN_COMMA = YES;
				CLANG_WARN_CONSTANT_CONVERSION = YES;
				CLANG_WARN_DIRECT_OBJC_ISA_USAGE = YES_ERROR;
				CLANG_WARN_DOCUMENTATION_COMMENTS = YES;
				CLANG_WARN_EMPTY_BODY = YES;
				CLANG_WARN_ENUM_CONVERSION = YES;
				CLANG_WARN_INFINITE_RECURSION = YES;
				CLANG_WARN_INT_CONVERSION = YES;
				CLANG_WARN_NON_LITERAL_NULL_CONVERSION = YES;
				CLANG_WARN_OBJC_LITERAL_CONVERSION = YES;
				CLANG_WARN_OBJC_ROOT_CLASS = YES_ERROR;
				CLANG_WARN_RANGE_LOOP_ANALYSIS = YES;
				CLANG_WARN_STRICT_PROTOTYPES = YES;
				CLANG_WARN_SUSPICIOUS_MOVE = YES;
				CLANG_WARN_UNGUARDED_AVAILABILITY = YES_AGGRESSIVE;
				CLANG_WARN_UNREACHABLE_CODE = YES;
				CLANG_WARN__DUPLICATE_METHOD_MATCH = YES;
				CODE_SIGN_IDENTITY = "iPhone Developer";
				COPY_PHASE_STRIP = NO;
				DEBUG_INFORMATION_FORMAT = dwarf;
				ENABLE_STRICT_OBJC_MSGSEND = YES;
				ENABLE_TESTABILITY = YES;
				GCC_C_LANGUAGE_STANDARD = gnu11;
				GCC_DYNAMIC_NO_PIC = NO;
				GCC_NO_COMMON_BLOCKS = YES;
				GCC_OPTIMIZATION_LEVEL = 0;
				GCC_PREPROCESSOR_DEFINITIONS = (
					"DEBUG=1",
					"$(inherited)",
				);
				GCC_WARN_64_TO_32_BIT_CONVERSION = YES;
				GCC_WARN_ABOUT_RETURN_TYPE = YES_ERROR;
				GCC_WARN_UNDECLARED_SELECTOR = YES;
				GCC_WARN_UNINITIALIZED_AUTOS = YES_AGGRESSIVE;
				GCC_WARN_UNUSED_FUNCTION = YES;
				GCC_WARN_UNUSED_VARIABLE = YES;
				IPHONEOS_DEPLOYMENT_TARGET = 11.2;
				MTL_ENABLE_DEBUG_INFO = YES;
				ONLY_ACTIVE_ARCH = YES;
				SDKROOT = iphoneos;
			};
			name = Debug;
		};
		FBCED8C820A58EC80019D27C /* Release */ = {
			isa = XCBuildConfiguration;
			buildSettings = {
				ALWAYS_SEARCH_USER_PATHS = NO;
				CLANG_ANALYZER_NONNULL = YES;
				CLANG_ANALYZER_NUMBER_OBJECT_CONVERSION = YES_AGGRESSIVE;
				CLANG_CXX_LANGUAGE_STANDARD = "gnu++14";
				CLANG_CXX_LIBRARY = "libc++";
				CLANG_ENABLE_MODULES = YES;
				CLANG_ENABLE_OBJC_ARC = YES;
				CLANG_WARN_BLOCK_CAPTURE_AUTORELEASING = YES;
				CLANG_WARN_BOOL_CONVERSION = YES;
				CLANG_WARN_COMMA = YES;
				CLANG_WARN_CONSTANT_CONVERSION = YES;
				CLANG_WARN_DIRECT_OBJC_ISA_USAGE = YES_ERROR;
				CLANG_WARN_DOCUMENTATION_COMMENTS = YES;
				CLANG_WARN_EMPTY_BODY = YES;
				CLANG_WARN_ENUM_CONVERSION = YES;
				CLANG_WARN_INFINITE_RECURSION = YES;
				CLANG_WARN_INT_CONVERSION = YES;
				CLANG_WARN_NON_LITERAL_NULL_CONVERSION = YES;
				CLANG_WARN_OBJC_LITERAL_CONVERSION = YES;
				CLANG_WARN_OBJC_ROOT_CLASS = YES_ERROR;
				CLANG_WARN_RANGE_LOOP_ANALYSIS = YES;
				CLANG_WARN_STRICT_PROTOTYPES = YES;
				CLANG_WARN_SUSPICIOUS_MOVE = YES;
				CLANG_WARN_UNGUARDED_AVAILABILITY = YES_AGGRESSIVE;
				CLANG_WARN_UNREACHABLE_CODE = YES;
				CLANG_WARN__DUPLICATE_METHOD_MATCH = YES;
				CODE_SIGN_IDENTITY = "iPhone Developer";
				COPY_PHASE_STRIP = NO;
				DEBUG_INFORMATION_FORMAT = "dwarf-with-dsym";
				ENABLE_NS_ASSERTIONS = NO;
				ENABLE_STRICT_OBJC_MSGSEND = YES;
				GCC_C_LANGUAGE_STANDARD = gnu11;
				GCC_NO_COMMON_BLOCKS = YES;
				GCC_WARN_64_TO_32_BIT_CONVERSION = YES;
				GCC_WARN_ABOUT_RETURN_TYPE = YES_ERROR;
				GCC_WARN_UNDECLARED_SELECTOR = YES;
				GCC_WARN_UNINITIALIZED_AUTOS = YES_AGGRESSIVE;
				GCC_WARN_UNUSED_FUNCTION = YES;
				GCC_WARN_UNUSED_VARIABLE = YES;
				IPHONEOS_DEPLOYMENT_TARGET = 11.2;
				MTL_ENABLE_DEBUG_INFO = NO;
				SDKROOT = iphoneos;
				VALIDATE_PRODUCT = YES;
			};
			name = Release;
		};
		FBCED8CA20A58EC80019D27C /* Debug */ = {
			isa = XCBuildConfiguration;
			buildSettings = {
				ASSETCATALOG_COMPILER_APPICON_NAME = AppIcon;
				CODE_SIGN_STYLE = Automatic;
				DEVELOPMENT_TEAM = WG5B567WWS;
				INFOPLIST_FILE = CoreDataDemo/Info.plist;
				LD_RUNPATH_SEARCH_PATHS = "$(inherited) @executable_path/Frameworks";
				PRODUCT_BUNDLE_IDENTIFIER = com.zcp.CoreDataDemo;
				PRODUCT_NAME = "$(TARGET_NAME)";
				TARGETED_DEVICE_FAMILY = "1,2";
			};
			name = Debug;
		};
		FBCED8CB20A58EC80019D27C /* Release */ = {
			isa = XCBuildConfiguration;
			buildSettings = {
				ASSETCATALOG_COMPILER_APPICON_NAME = AppIcon;
				CODE_SIGN_STYLE = Automatic;
				DEVELOPMENT_TEAM = WG5B567WWS;
				INFOPLIST_FILE = CoreDataDemo/Info.plist;
				LD_RUNPATH_SEARCH_PATHS = "$(inherited) @executable_path/Frameworks";
				PRODUCT_BUNDLE_IDENTIFIER = com.zcp.CoreDataDemo;
				PRODUCT_NAME = "$(TARGET_NAME)";
				TARGETED_DEVICE_FAMILY = "1,2";
			};
			name = Release;
		};
		FBCED8CD20A58EC80019D27C /* Debug */ = {
			isa = XCBuildConfiguration;
			buildSettings = {
				BUNDLE_LOADER = "$(TEST_HOST)";
				CODE_SIGN_STYLE = Automatic;
				DEVELOPMENT_TEAM = WG5B567WWS;
				INFOPLIST_FILE = CoreDataDemoTests/Info.plist;
				LD_RUNPATH_SEARCH_PATHS = "$(inherited) @executable_path/Frameworks @loader_path/Frameworks";
				PRODUCT_BUNDLE_IDENTIFIER = com.zcp.CoreDataDemoTests;
				PRODUCT_NAME = "$(TARGET_NAME)";
				TARGETED_DEVICE_FAMILY = "1,2";
				TEST_HOST = "$(BUILT_PRODUCTS_DIR)/CoreDataDemo.app/CoreDataDemo";
			};
			name = Debug;
		};
		FBCED8CE20A58EC80019D27C /* Release */ = {
			isa = XCBuildConfiguration;
			buildSettings = {
				BUNDLE_LOADER = "$(TEST_HOST)";
				CODE_SIGN_STYLE = Automatic;
				DEVELOPMENT_TEAM = WG5B567WWS;
				INFOPLIST_FILE = CoreDataDemoTests/Info.plist;
				LD_RUNPATH_SEARCH_PATHS = "$(inherited) @executable_path/Frameworks @loader_path/Frameworks";
				PRODUCT_BUNDLE_IDENTIFIER = com.zcp.CoreDataDemoTests;
				PRODUCT_NAME = "$(TARGET_NAME)";
				TARGETED_DEVICE_FAMILY = "1,2";
				TEST_HOST = "$(BUILT_PRODUCTS_DIR)/CoreDataDemo.app/CoreDataDemo";
			};
			name = Release;
		};
/* End XCBuildConfiguration section */

/* Begin XCConfigurationList section */
		FBCED8A020A58EC70019D27C /* Build configuration list for PBXProject "CoreDataDemo" */ = {
			isa = XCConfigurationList;
			buildConfigurations = (
				FBCED8C720A58EC80019D27C /* Debug */,
				FBCED8C820A58EC80019D27C /* Release */,
			);
			defaultConfigurationIsVisible = 0;
			defaultConfigurationName = Release;
		};
		FBCED8C920A58EC80019D27C /* Build configuration list for PBXNativeTarget "CoreDataDemo" */ = {
			isa = XCConfigurationList;
			buildConfigurations = (
				FBCED8CA20A58EC80019D27C /* Debug */,
				FBCED8CB20A58EC80019D27C /* Release */,
			);
			defaultConfigurationIsVisible = 0;
			defaultConfigurationName = Release;
		};
		FBCED8CC20A58EC80019D27C /* Build configuration list for PBXNativeTarget "CoreDataDemoTests" */ = {
			isa = XCConfigurationList;
			buildConfigurations = (
				FBCED8CD20A58EC80019D27C /* Debug */,
				FBCED8CE20A58EC80019D27C /* Release */,
			);
			defaultConfigurationIsVisible = 0;
			defaultConfigurationName = Release;
		};
/* End XCConfigurationList section */

/* Begin XCVersionGroup section */
		FBCED8B120A58EC80019D27C /* CoreDataDemo.xcdatamodeld */ = {
			isa = XCVersionGroup;
			children = (
				FBCED8B220A58EC80019D27C /* CoreDataDemo.xcdatamodel */,
			);
			currentVersion = FBCED8B220A58EC80019D27C /* CoreDataDemo.xcdatamodel */;
			path = CoreDataDemo.xcdatamodeld;
			sourceTree = "<group>";
			versionGroupType = wrapper.xcdatamodel;
		};
/* End XCVersionGroup section */
	};
	rootObject = FBCED89D20A58EC70019D27C /* Project object */;
}
